
Microsoft Visual Studio Solution File, Format Version 12.00
# Visual Studio Version 17
VisualStudioVersion = 17.5.002.0
MinimumVisualStudioVersion = 10.0.40219.1
Project("{9A19103F-16F7-4668-BE54-9A1E7A4F7556}") = "Asset_Manager", "Asset_Manager\Asset_Manager.csproj", "{1B0D79AC-EC45-4782-B7E7-D23B70592EC4}"
EndProject
Project("{9A19103F-16F7-4668-BE54-9A1E7A4F7556}") = "Result_Data_Manager", "Result_Data_Manager\Result_Data_Manager.csproj", "{0C45144E-B59F-4EE7-A2F8-DE7FAABE2B76}"
EndProject
Project("{9A19103F-16F7-4668-BE54-9A1E7A4F7556}") = "Source_Data_Manager", "Source_Data_Manager\Source_Data_Manager.csproj", "{63F0A0FC-23C7-4DD7-9BA2-8B20759E9977}"
EndProject
Project("{FAE04EC0-301F-11D3-BF4B-00C04F79EFBC}") = "Optimizer", "Optimizer\Optimizer.csproj", "{9E5E0424-167B-4664-8367-DE71D518F173}"
EndProject
Project("{FAE04EC0-301F-11D3-BF4B-00C04F79EFBC}") = "Data_Visualization", "Data_Visualization\Data_Visualization.csproj", "{430FEAE7-C527-46D7-BBBE-7E4C553B5B98}"
EndProject
Project("{2150E333-8FDC-42A3-9474-1A3956D46DE8}") = "UI_Garage", "UI_Garage", "{A17D7181-0627-44AF-9E50-98E2B3855CA5}"
EndProject
Project("{FAE04EC0-301F-11D3-BF4B-00C04F79EFBC}") = "UI", "UI_Garage\UI\UI.csproj", "{AE7110A6-43EC-49A4-930D-473274D60CF2}"
EndProject
Project("{2150E333-8FDC-42A3-9474-1A3956D46DE8}") = "Testing", "Testing", "{284C5450-D2F6-4D3B-8ABC-5B6289A214A5}"
EndProject
Project("{FAE04EC0-301F-11D3-BF4B-00C04F79EFBC}") = "Testing", "Testing\Testing.csproj", "{C5D8B31A-1A83-45E7-91D2-5F6F4247C707}"
EndProject
Global
	GlobalSection(SolutionConfigurationPlatforms) = preSolution
		Debug|Any CPU = Debug|Any CPU
		Release|Any CPU = Release|Any CPU
	EndGlobalSection
	GlobalSection(ProjectConfigurationPlatforms) = postSolution
		{1B0D79AC-EC45-4782-B7E7-D23B70592EC4}.Debug|Any CPU.ActiveCfg = Debug|Any CPU
		{1B0D79AC-EC45-4782-B7E7-D23B70592EC4}.Debug|Any CPU.Build.0 = Debug|Any CPU
		{1B0D79AC-EC45-4782-B7E7-D23B70592EC4}.Release|Any CPU.ActiveCfg = Release|Any CPU
		{1B0D79AC-EC45-4782-B7E7-D23B70592EC4}.Release|Any CPU.Build.0 = Release|Any CPU
		{0C45144E-B59F-4EE7-A2F8-DE7FAABE2B76}.Debug|Any CPU.ActiveCfg = Debug|Any CPU
		{0C45144E-B59F-4EE7-A2F8-DE7FAABE2B76}.Debug|Any CPU.Build.0 = Debug|Any CPU
		{0C45144E-B59F-4EE7-A2F8-DE7FAABE2B76}.Release|Any CPU.ActiveCfg = Release|Any CPU
		{0C45144E-B59F-4EE7-A2F8-DE7FAABE2B76}.Release|Any CPU.Build.0 = Release|Any CPU
		{63F0A0FC-23C7-4DD7-9BA2-8B20759E9977}.Debug|Any CPU.ActiveCfg = Debug|Any CPU
		{63F0A0FC-23C7-4DD7-9BA2-8B20759E9977}.Debug|Any CPU.Build.0 = Debug|Any CPU
		{63F0A0FC-23C7-4DD7-9BA2-8B20759E9977}.Release|Any CPU.ActiveCfg = Release|Any CPU
		{63F0A0FC-23C7-4DD7-9BA2-8B20759E9977}.Release|Any CPU.Build.0 = Release|Any CPU
		{9E5E0424-167B-4664-8367-DE71D518F173}.Debug|Any CPU.ActiveCfg = Debug|Any CPU
		{9E5E0424-167B-4664-8367-DE71D518F173}.Debug|Any CPU.Build.0 = Debug|Any CPU
		{9E5E0424-167B-4664-8367-DE71D518F173}.Release|Any CPU.ActiveCfg = Release|Any CPU
		{9E5E0424-167B-4664-8367-DE71D518F173}.Release|Any CPU.Build.0 = Release|Any CPU
		{430FEAE7-C527-46D7-BBBE-7E4C553B5B98}.Debug|Any CPU.ActiveCfg = Debug|Any CPU
		{430FEAE7-C527-46D7-BBBE-7E4C553B5B98}.Debug|Any CPU.Build.0 = Debug|Any CPU
		{430FEAE7-C527-46D7-BBBE-7E4C553B5B98}.Release|Any CPU.ActiveCfg = Release|Any CPU
		{430FEAE7-C527-46D7-BBBE-7E4C553B5B98}.Release|Any CPU.Build.0 = Release|Any CPU
		{AE7110A6-43EC-49A4-930D-473274D60CF2}.Debug|Any CPU.ActiveCfg = Debug|Any CPU
		{AE7110A6-43EC-49A4-930D-473274D60CF2}.Debug|Any CPU.Build.0 = Debug|Any CPU
		{AE7110A6-43EC-49A4-930D-473274D60CF2}.Release|Any CPU.ActiveCfg = Release|Any CPU
		{AE7110A6-43EC-49A4-930D-473274D60CF2}.Release|Any CPU.Build.0 = Release|Any CPU
		{C5D8B31A-1A83-45E7-91D2-5F6F4247C707}.Debug|Any CPU.ActiveCfg = Debug|Any CPU
		{C5D8B31A-1A83-45E7-91D2-5F6F4247C707}.Debug|Any CPU.Build.0 = Debug|Any CPU
		{C5D8B31A-1A83-45E7-91D2-5F6F4247C707}.Release|Any CPU.ActiveCfg = Release|Any CPU
		{C5D8B31A-1A83-45E7-91D2-5F6F4247C707}.Release|Any CPU.Build.0 = Release|Any CPU
	EndGlobalSection
	GlobalSection(SolutionProperties) = preSolution
		HideSolutionNode = FALSE
	EndGlobalSection
	GlobalSection(ExtensibilityGlobals) = postSolution
		SolutionGuid = {823F5A9D-D611-4DA8-A348-DCA5CD091A99}
	EndGlobalSection
	GlobalSection(NestedProjects) = preSolution
		{AE7110A6-43EC-49A4-930D-473274D60CF2} = {A17D7181-0627-44AF-9E50-98E2B3855CA5}
		{C5D8B31A-1A83-45E7-91D2-5F6F4247C707} = {284C5450-D2F6-4D3B-8ABC-5B6289A214A5}
	EndGlobalSection
EndGlobal
